
Microsoft Visual Studio Solution File, Format Version 12.00
Project("{FAE04EC0-301F-11D3-BF4B-00C04F79EFBC}") = "BinanceBotWebApi", "BinanceBotWebApi\BinanceBotWebApi.csproj", "{36545DD5-3F5D-4047-9F28-3EEF4EA34B35}"
EndProject
Project("{FAE04EC0-301F-11D3-BF4B-00C04F79EFBC}") = "BinanceBotApp", "BinanceBotApp\BinanceBotApp.csproj", "{F21BC4AC-201C-4FD8-836B-9B9BBC3BD996}"
EndProject
Project("{FAE04EC0-301F-11D3-BF4B-00C04F79EFBC}") = "BinanceBotDb", "BinanceBotDb\BinanceBotDb.csproj", "{B62C4184-6A3C-4EB4-ABF8-C2552389BFAF}"
EndProject
Project("{FAE04EC0-301F-11D3-BF4B-00C04F79EFBC}") = "BinanceBotInfrastructure", "BinanceBotInfrastructure\BinanceBotInfrastructure.csproj", "{7B708E71-F2B7-45F8-84A1-0927243B0292}"
EndProject
Project("{FAE04EC0-301F-11D3-BF4B-00C04F79EFBC}") = "DevDemoOperations", "DevDemoOperations\DevDemoOperations.csproj", "{A659BE02-2925-4CA4-A747-E520739FFE71}"
EndProject
Project("{FAE04EC0-301F-11D3-BF4B-00C04F79EFBC}") = "BinanceBotWebApi.Tests", "BinanceBotWebApi.Tests\BinanceBotWebApi.Tests.csproj", "{B1C5BC2C-A836-48D9-98D6-32A30388B562}"
EndProject
Global
	GlobalSection(SolutionConfigurationPlatforms) = preSolution
		Debug|Any CPU = Debug|Any CPU
		Release|Any CPU = Release|Any CPU
	EndGlobalSection
	GlobalSection(ProjectConfigurationPlatforms) = postSolution
		{36545DD5-3F5D-4047-9F28-3EEF4EA34B35}.Debug|Any CPU.ActiveCfg = Debug|Any CPU
		{36545DD5-3F5D-4047-9F28-3EEF4EA34B35}.Debug|Any CPU.Build.0 = Debug|Any CPU
		{36545DD5-3F5D-4047-9F28-3EEF4EA34B35}.Release|Any CPU.ActiveCfg = Release|Any CPU
		{36545DD5-3F5D-4047-9F28-3EEF4EA34B35}.Release|Any CPU.Build.0 = Release|Any CPU
		{F21BC4AC-201C-4FD8-836B-9B9BBC3BD996}.Debug|Any CPU.ActiveCfg = Debug|Any CPU
		{F21BC4AC-201C-4FD8-836B-9B9BBC3BD996}.Debug|Any CPU.Build.0 = Debug|Any CPU
		{F21BC4AC-201C-4FD8-836B-9B9BBC3BD996}.Release|Any CPU.ActiveCfg = Release|Any CPU
		{F21BC4AC-201C-4FD8-836B-9B9BBC3BD996}.Release|Any CPU.Build.0 = Release|Any CPU
		{B62C4184-6A3C-4EB4-ABF8-C2552389BFAF}.Debug|Any CPU.ActiveCfg = Debug|Any CPU
		{B62C4184-6A3C-4EB4-ABF8-C2552389BFAF}.Debug|Any CPU.Build.0 = Debug|Any CPU
		{B62C4184-6A3C-4EB4-ABF8-C2552389BFAF}.Release|Any CPU.ActiveCfg = Release|Any CPU
		{B62C4184-6A3C-4EB4-ABF8-C2552389BFAF}.Release|Any CPU.Build.0 = Release|Any CPU
		{7B708E71-F2B7-45F8-84A1-0927243B0292}.Debug|Any CPU.ActiveCfg = Debug|Any CPU
		{7B708E71-F2B7-45F8-84A1-0927243B0292}.Debug|Any CPU.Build.0 = Debug|Any CPU
		{7B708E71-F2B7-45F8-84A1-0927243B0292}.Release|Any CPU.ActiveCfg = Release|Any CPU
		{7B708E71-F2B7-45F8-84A1-0927243B0292}.Release|Any CPU.Build.0 = Release|Any CPU
		{A659BE02-2925-4CA4-A747-E520739FFE71}.Debug|Any CPU.ActiveCfg = Debug|Any CPU
		{A659BE02-2925-4CA4-A747-E520739FFE71}.Debug|Any CPU.Build.0 = Debug|Any CPU
		{A659BE02-2925-4CA4-A747-E520739FFE71}.Release|Any CPU.ActiveCfg = Release|Any CPU
		{A659BE02-2925-4CA4-A747-E520739FFE71}.Release|Any CPU.Build.0 = Release|Any CPU
		{B1C5BC2C-A836-48D9-98D6-32A30388B562}.Debug|Any CPU.ActiveCfg = Debug|Any CPU
		{B1C5BC2C-A836-48D9-98D6-32A30388B562}.Debug|Any CPU.Build.0 = Debug|Any CPU
		{B1C5BC2C-A836-48D9-98D6-32A30388B562}.Release|Any CPU.ActiveCfg = Release|Any CPU
		{B1C5BC2C-A836-48D9-98D6-32A30388B562}.Release|Any CPU.Build.0 = Release|Any CPU
	EndGlobalSection
EndGlobal
